Microsoft Visual Studio Solution File, Format Version 12.00
# Visual Studio Version 17
VisualStudioVersion = 17.0.31903.59
MinimumVisualStudioVersion = 10.0.40219.1
Project("{FAE04EC0-301F-11D3-BF4B-00C04F79EFBC}") = "Notepads", "Notepads.Ubuntu\Notepads.Ubuntu.csproj", "{8B91E4A2-7706-4DBB-941B-11A550A5B2C3}"
EndProject
Project("{FAE04EC0-301F-11D3-BF4B-00C04F79EFBC}") = "Notepads.Controls", "Notepads.Controls\Notepads.Controls.Ubuntu.csproj", "{6C4DC411-A460-47E9-8271-AD136B054FB9}"
EndProject
Global
	GlobalSection(SolutionConfigurationPlatforms) = preSolution
		Debug|Any CPU = Debug|Any CPU
		Release|Any CPU = Release|Any CPU
	EndGlobalSection
	GlobalSection(ProjectConfigurationPlatforms) = postSolution
		{8B91E4A2-7706-4DBB-941B-11A550A5B2C3}.Debug|Any CPU.ActiveCfg = Debug|Any CPU
		{8B91E4A2-7706-4DBB-941B-11A550A5B2C3}.Debug|Any CPU.Build.0 = Debug|Any CPU
		{8B91E4A2-7706-4DBB-941B-11A550A5B2C3}.Release|Any CPU.ActiveCfg = Release|Any CPU
		{8B91E4A2-7706-4DBB-941B-11A550A5B2C3}.Release|Any CPU.Build.0 = Release|Any CPU
		{6C4DC411-A460-47E9-8271-AD136B054FB9}.Debug|Any CPU.ActiveCfg = Debug|Any CPU
		{6C4DC411-A460-47E9-8271-AD136B054FB9}.Debug|Any CPU.Build.0 = Debug|Any CPU
		{6C4DC411-A460-47E9-8271-AD136B054FB9}.Release|Any CPU.ActiveCfg = Release|Any CPU
		{6C4DC411-A460-47E9-8271-AD136B054FB9}.Release|Any CPU.Build.0 = Release|Any CPU
	EndGlobalSection
EndGlobal
